
Microsoft Visual Studio Solution File, Format Version 12.00
# Visual Studio 15
VisualStudioVersion = 15.0.27130.2027
MinimumVisualStudioVersion = 10.0.40219.1
Project("{FAE04EC0-301F-11D3-BF4B-00C04F79EFBC}") = "WpfTeste", "WpfTeste\WpfTeste.csproj", "{3004ACEA-81B3-4B5B-9084-2D0570A93873}"
EndProject
Project("{FAE04EC0-301F-11D3-BF4B-00C04F79EFBC}") = "Utilitarios", "Utilitarios\Utilitarios.csproj", "{3036F975-4370-44EE-8CC4-BADB99234391}"
EndProject
Global
	GlobalSection(SolutionConfigurationPlatforms) = preSolution
		Debug|Any CPU = Debug|Any CPU
		Release|Any CPU = Release|Any CPU
	EndGlobalSection
	GlobalSection(ProjectConfigurationPlatforms) = postSolution
		{3004ACEA-81B3-4B5B-9084-2D0570A93873}.Debug|Any CPU.ActiveCfg = Debug|Any CPU
		{3004ACEA-81B3-4B5B-9084-2D0570A93873}.Debug|Any CPU.Build.0 = Debug|Any CPU
		{3004ACEA-81B3-4B5B-9084-2D0570A93873}.Release|Any CPU.ActiveCfg = Release|Any CPU
		{3004ACEA-81B3-4B5B-9084-2D0570A93873}.Release|Any CPU.Build.0 = Release|Any CPU
		{3036F975-4370-44EE-8CC4-BADB99234391}.Debug|Any CPU.ActiveCfg = Debug|Any CPU
		{3036F975-4370-44EE-8CC4-BADB99234391}.Debug|Any CPU.Build.0 = Debug|Any CPU
		{3036F975-4370-44EE-8CC4-BADB99234391}.Release|Any CPU.ActiveCfg = Release|Any CPU
		{3036F975-4370-44EE-8CC4-BADB99234391}.Release|Any CPU.Build.0 = Release|Any CPU
	EndGlobalSection
	GlobalSection(SolutionProperties) = preSolution
		HideSolutionNode = FALSE
	EndGlobalSection
	GlobalSection(ExtensibilityGlobals) = postSolution
		SolutionGuid = {AE1DA13C-E4EA-4692-840F-EAC7E4A7C790}
	EndGlobalSection
EndGlobal
